
Microsoft Visual Studio Solution File, Format Version 12.00
# Visual Studio Version 17
VisualStudioVersion = 17.14.36518.9 d17.14
MinimumVisualStudioVersion = 10.0.40219.1
Project("{FAE04EC0-301F-11D3-BF4B-00C04F79EFBC}") = "sistecDesktopRefactored", "sistecDesktopRefactored.csproj", "{F3F86865-972D-4EE7-BDB1-8B24265B484D}"
EndProject
Global
	GlobalSection(SolutionConfigurationPlatforms) = preSolution
		Debug|Any CPU = Debug|Any CPU
		Release|Any CPU = Release|Any CPU
	EndGlobalSection
	GlobalSection(ProjectConfigurationPlatforms) = postSolution
		{F3F86865-972D-4EE7-BDB1-8B24265B484D}.Debug|Any CPU.ActiveCfg = Debug|Any CPU
		{F3F86865-972D-4EE7-BDB1-8B24265B484D}.Debug|Any CPU.Build.0 = Debug|Any CPU
		{F3F86865-972D-4EE7-BDB1-8B24265B484D}.Release|Any CPU.ActiveCfg = Release|Any CPU
		{F3F86865-972D-4EE7-BDB1-8B24265B484D}.Release|Any CPU.Build.0 = Release|Any CPU
	EndGlobalSection
	GlobalSection(SolutionProperties) = preSolution
		HideSolutionNode = FALSE
	EndGlobalSection
	GlobalSection(ExtensibilityGlobals) = postSolution
		SolutionGuid = {B3EE57C0-B9EF-47BF-8E79-F6AC3452FBA1}
	EndGlobalSection
EndGlobal
